<?xml version="1.0" encoding="utf-8"?>
<Project ToolsVersion="4.0" xmlns="http://schemas.microsoft.com/developer/msbuild/2003">
  <ItemGroup>
    <Filter Include="Source Files">
      <UniqueIdentifier>{4FC737F1-C7A5-4376-A066-2A32D752A2FF}</UniqueIdentifier>
      <Extensions>cpp;c;cc;cxx;c++;cppm;ixx;def;odl;idl;hpj;bat;asm;asmx</Extensions>
    </Filter>
    <Filter Include="Header Files">
      <UniqueIdentifier>{93995380-89BD-4b04-88EB-625FBE52EBFB}</UniqueIdentifier>
      <Extensions>h;hh;hpp;hxx;h++;hm;inl;inc;ipp;xsd</Extensions>
    </Filter>
    <Filter Include="Resource Files">
      <UniqueIdentifier>{67DA6AB6-F800-4c08-8B7A-83BB121AAD01}</UniqueIdentifier>
      <Extensions>rc;ico;cur;bmp;dlg;rc2;rct;bin;rgs;gif;jpg;jpeg;jpe;resx;tiff;tif;png;wav;mfcribbon-ms</Extensions>
    </Filter>
  </ItemGroup>
  <ItemGroup>
    <ClCompile Include="main.c">
      <Filter>Source Files</Filter>
    </ClCompile>
    <ClCompile Include="lexer.c">
      <Filter>Source Files</Filter>
    </ClCompile>
    <ClCompile Include="parser.c">
      <Filter>Source Files</Filter>
    </ClCompile>
    <ClCompile Include="transpile.c">
      <Filter>Source Files</Filter>
    </ClCompile>
    <ClCompile Include="lexer_parser_tests.c">
      <Filter>Source Files</Filter>
    </ClCompile>
    <ClCompile Include="test_transpile_suite.c">
      <Filter>Source Files</Filter>
    </ClCompile>
    <ClCompile Include="tokenizer.c">
      <Filter>Source Files</Filter>
    </ClCompile>
    <ClCompile Include="utils.c">
      <Filter>Source Files</Filter>
    </ClCompile>
    <ClCompile Include="achievements.c">
      <Filter>Source Files</Filter>
    </ClCompile>
    <ClCompile Include="error_reporting.c">
      <Filter>Source Files</Filter>
    </ClCompile>
    <ClCompile Include="test_error_handling.c">
      <Filter>Source Files</Filter>
    </ClCompile>
    <ClCompile Include="test_achievements.c">
      <Filter>Source Files</Filter>
    </ClCompile>
    <ClCompile Include="debugger.c">
      <Filter>Source Files</Filter>
    </ClCompile>
    <ClCompile Include="inline_hints.c">
      <Filter>Source Files</Filter>
    </ClCompile>
    <ClCompile Include="arrays.c">
      <Filter>Source Files</Filter>
    </ClCompile>
    <ClCompile Include="operators.c">
      <Filter>Source Files</Filter>
    </ClCompile>
    <ClCompile Include="pointers.c">
      <Filter>Source Files</Filter>
    </ClCompile>
    <ClCompile Include="types.c">
      <Filter>Source Files</Filter>
    </ClCompile>
    <ClCompile Include="type_inference.c">
      <Filter>Source Files</Filter>
    </ClCompile>
    <ClCompile Include="user_defined_types.c">
      <Filter>Source Files</Filter>
    </ClCompile>
  </ItemGroup>
  <ItemGroup>
    <ClInclude Include="lexer.h">
      <Filter>Header Files</Filter>
    </ClInclude>
    <ClInclude Include="parser.h">
      <Filter>Header Files</Filter>
    </ClInclude>
    <ClInclude Include="transpile.h">
      <Filter>Header Files</Filter>
    </ClInclude>
    <ClInclude Include="lexer_parser_tests.h">
      <Filter>Header Files</Filter>
    </ClInclude>
    <ClInclude Include="test_transpile_suite.h">
      <Filter>Header Files</Filter>
    </ClInclude>
    <ClInclude Include="tokenizer.h">
      <Filter>Header Files</Filter>
    </ClInclude>
    <ClInclude Include="utils.h">
      <Filter>Header Files</Filter>
    </ClInclude>
    <ClInclude Include="achievements.h">
      <Filter>Header Files</Filter>
    </ClInclude>
    <ClInclude Include="error_reporting.h">
      <Filter>Header Files</Filter>
    </ClInclude>
    <ClInclude Include="test_error_handling.h">
      <Filter>Header Files</Filter>
    </ClInclude>
    <ClInclude Include="test_achievements.h">
      <Filter>Header Files</Filter>
    </ClInclude>
    <ClInclude Include="debugger.h">
      <Filter>Header Files</Filter>
    </ClInclude>
    <ClInclude Include="inline_hints.h">
      <Filter>Header Files</Filter>
    </ClInclude>
    <ClInclude Include="arrays.h">
      <Filter>Header Files</Filter>
    </ClInclude>
    <ClInclude Include="operators.h">
      <Filter>Header Files</Filter>
    </ClInclude>
    <ClInclude Include="pointers.h">
      <Filter>Header Files</Filter>
    </ClInclude>
    <ClInclude Include="types.h">
      <Filter>Header Files</Filter>
    </ClInclude>
    <ClInclude Include="type_inference.h">
      <Filter>Header Files</Filter>
    </ClInclude>
    <ClInclude Include="user_defined_types.h">
      <Filter>Header Files</Filter>
    </ClInclude>
  </ItemGroup>
</Project>